
Microsoft Visual Studio Solution File, Format Version 12.00
# Visual Studio Version 17
VisualStudioVersion = 17.5.002.0
MinimumVisualStudioVersion = 10.0.40219.1
Project("{9A19103F-16F7-4668-BE54-9A1E7A4F7556}") = "BT_CodyGym_GU1-W04", "BT_CodyGym_GU1-W04.csproj", "{10786295-94D3-4718-9F6E-5A22EC938204}"
EndProject
Global
	GlobalSection(SolutionConfigurationPlatforms) = preSolution
		Debug|Any CPU = Debug|Any CPU
		Release|Any CPU = Release|Any CPU
	EndGlobalSection
	GlobalSection(ProjectConfigurationPlatforms) = postSolution
		{10786295-94D3-4718-9F6E-5A22EC938204}.Debug|Any CPU.ActiveCfg = Debug|Any CPU
		{10786295-94D3-4718-9F6E-5A22EC938204}.Debug|Any CPU.Build.0 = Debug|Any CPU
		{10786295-94D3-4718-9F6E-5A22EC938204}.Release|Any CPU.ActiveCfg = Release|Any CPU
		{10786295-94D3-4718-9F6E-5A22EC938204}.Release|Any CPU.Build.0 = Release|Any CPU
	EndGlobalSection
	GlobalSection(SolutionProperties) = preSolution
		HideSolutionNode = FALSE
	EndGlobalSection
	GlobalSection(ExtensibilityGlobals) = postSolution
		SolutionGuid = {EE6FF6C7-7389-49FE-939F-FF4D6AA7B2E0}
	EndGlobalSection
EndGlobal
